// !$*UTF8*$!
{
	archiveVersion = 1;
	classes = {
	};
	objectVersion = 46;
	objects = {

/* Begin PBXBuildFile section */
		911431951D5C1A0D00FC22AE /* boxybold.atlas in Resources */ = {isa = PBXBuildFile; fileRef = 911431941D5C1A0D00FC22AE /* boxybold.atlas */; };
		911431971D5D346D00FC22AE /* turtle_big.png in Resources */ = {isa = PBXBuildFile; fileRef = 911431961D5D346D00FC22AE /* turtle_big.png */; };
		911431991D5D3A6D00FC22AE /* frogblob.atlas in Resources */ = {isa = PBXBuildFile; fileRef = 911431981D5D3A6D00FC22AE /* frogblob.atlas */; };
		913A9FC71D4964A1009CA619 /* star1.png in Resources */ = {isa = PBXBuildFile; fileRef = 913A9FC61D4964A1009CA619 /* star1.png */; };
		913A9FC91D4AA5E7009CA619 /* star2.svg in Resources */ = {isa = PBXBuildFile; fileRef = 913A9FC81D4AA5E7009CA619 /* star2.svg */; };
		914569621D53E73E00B06048 /* restart.png in Resources */ = {isa = PBXBuildFile; fileRef = 914569601D53E73E00B06048 /* restart.png */; };
		914569631D53E73E00B06048 /* play.png in Resources */ = {isa = PBXBuildFile; fileRef = 914569611D53E73E00B06048 /* play.png */; };
		9145696F1D55548300B06048 /* Chartboost.framework in Frameworks */ = {isa = PBXBuildFile; fileRef = 9145696E1D55548300B06048 /* Chartboost.framework */; };
		914569711D5554A900B06048 /* StoreKit.framework in Frameworks */ = {isa = PBXBuildFile; fileRef = 914569701D5554A900B06048 /* StoreKit.framework */; };
		914569731D5554BE00B06048 /* Foundation.framework in Frameworks */ = {isa = PBXBuildFile; fileRef = 914569721D5554BE00B06048 /* Foundation.framework */; };
		914569751D5554F800B06048 /* CoreGraphics.framework in Frameworks */ = {isa = PBXBuildFile; fileRef = 914569741D5554F800B06048 /* CoreGraphics.framework */; };
		914569771D55550100B06048 /* UIKit.framework in Frameworks */ = {isa = PBXBuildFile; fileRef = 914569761D55550100B06048 /* UIKit.framework */; };
		914569BE1D591EEE00B06048 /* coins.atlas in Resources */ = {isa = PBXBuildFile; fileRef = 914569BD1D591EEE00B06048 /* coins.atlas */; };
		914569C21D591F9F00B06048 /* Coin.swift in Sources */ = {isa = PBXBuildFile; fileRef = 914569C11D591F9F00B06048 /* Coin.swift */; };
		914569C41D59482700B06048 /* fish.atlas in Resources */ = {isa = PBXBuildFile; fileRef = 914569C31D59482700B06048 /* fish.atlas */; };
		914569C81D5A557B00B06048 /* shark_open_upscaled.png in Resources */ = {isa = PBXBuildFile; fileRef = 914569C71D5A557B00B06048 /* shark_open_upscaled.png */; };
		914569CC1D5A56D400B06048 /* shark_closed.png in Resources */ = {isa = PBXBuildFile; fileRef = 914569CB1D5A56D400B06048 /* shark_closed.png */; };
		914569CF1D5A597200B06048 /* fb5.png in Resources */ = {isa = PBXBuildFile; fileRef = 914569CD1D5A597200B06048 /* fb5.png */; };
		914569D01D5A597200B06048 /* fb6.png in Resources */ = {isa = PBXBuildFile; fileRef = 914569CE1D5A597200B06048 /* fb6.png */; };
		9153D10C1D3D844900E98242 /* redfish.png in Resources */ = {isa = PBXBuildFile; fileRef = 9153D10B1D3D844900E98242 /* redfish.png */; };
		9195E3AE1D3FEF440062FA6A /* Obstacle.swift in Sources */ = {isa = PBXBuildFile; fileRef = 9195E3AD1D3FEF440062FA6A /* Obstacle.swift */; };
		9195E3B01D402E9B0062FA6A /* Level.swift in Sources */ = {isa = PBXBuildFile; fileRef = 9195E3AF1D402E9B0062FA6A /* Level.swift */; };
		91BDF69D1D306DF5009CE6FF /* AppDelegate.swift in Sources */ = {isa = PBXBuildFile; fileRef = 91BDF69C1D306DF5009CE6FF /* AppDelegate.swift */; };
		91BDF69F1D306DF5009CE6FF /* GameScene.sks in Resources */ = {isa = PBXBuildFile; fileRef = 91BDF69E1D306DF5009CE6FF /* GameScene.sks */; };
		91BDF6A11D306DF5009CE6FF /* GameScene.swift in Sources */ = {isa = PBXBuildFile; fileRef = 91BDF6A01D306DF5009CE6FF /* GameScene.swift */; };
		91BDF6A31D306DF5009CE6FF /* GameViewController.swift in Sources */ = {isa = PBXBuildFile; fileRef = 91BDF6A21D306DF5009CE6FF /* GameViewController.swift */; };
		91BDF6A61D306DF5009CE6FF /* Main.storyboard in Resources */ = {isa = PBXBuildFile; fileRef = 91BDF6A41D306DF5009CE6FF /* Main.storyboard */; };
		91BDF6A81D306DF5009CE6FF /* Assets.xcassets in Resources */ = {isa = PBXBuildFile; fileRef = 91BDF6A71D306DF5009CE6FF /* Assets.xcassets */; };
		91BDF6AB1D306DF5009CE6FF /* LaunchScreen.storyboard in Resources */ = {isa = PBXBuildFile; fileRef = 91BDF6A91D306DF5009CE6FF /* LaunchScreen.storyboard */; };
		91BDF6B31D342250009CE6FF /* EnemyReferenceNode.swift in Sources */ = {isa = PBXBuildFile; fileRef = 91BDF6B21D342250009CE6FF /* EnemyReferenceNode.swift */; };
		91BDF6B51D34247E009CE6FF /* Enemy.sks in Resources */ = {isa = PBXBuildFile; fileRef = 91BDF6B41D34247E009CE6FF /* Enemy.sks */; };
		91BDF6C51D3574DB009CE6FF /* CGFloat+Extensions.swift in Sources */ = {isa = PBXBuildFile; fileRef = 91BDF6B91D3574DB009CE6FF /* CGFloat+Extensions.swift */; };
		91BDF6C61D3574DB009CE6FF /* CGPoint+Extensions.swift in Sources */ = {isa = PBXBuildFile; fileRef = 91BDF6BA1D3574DB009CE6FF /* CGPoint+Extensions.swift */; };
		91BDF6C71D3574DB009CE6FF /* CGVector+Extensions.swift in Sources */ = {isa = PBXBuildFile; fileRef = 91BDF6BB1D3574DB009CE6FF /* CGVector+Extensions.swift */; };
		91BDF6C81D3574DB009CE6FF /* Int+Extensions.swift in Sources */ = {isa = PBXBuildFile; fileRef = 91BDF6BC1D3574DB009CE6FF /* Int+Extensions.swift */; };
		91BDF6C91D3574DB009CE6FF /* SKAction+Extensions.swift in Sources */ = {isa = PBXBuildFile; fileRef = 91BDF6BD1D3574DB009CE6FF /* SKAction+Extensions.swift */; };
		91BDF6CA1D3574DB009CE6FF /* SKAction+SpecialEffects.swift in Sources */ = {isa = PBXBuildFile; fileRef = 91BDF6BE1D3574DB009CE6FF /* SKAction+SpecialEffects.swift */; };
		91BDF6CB1D3574DB009CE6FF /* SKColor+Extensions.swift in Sources */ = {isa = PBXBuildFile; fileRef = 91BDF6BF1D3574DB009CE6FF /* SKColor+Extensions.swift */; };
		91BDF6CC1D3574DB009CE6FF /* SKNode+Extensions.swift in Sources */ = {isa = PBXBuildFile; fileRef = 91BDF6C01D3574DB009CE6FF /* SKNode+Extensions.swift */; };
		91BDF6CD1D3574DB009CE6FF /* SKTAudio.swift in Sources */ = {isa = PBXBuildFile; fileRef = 91BDF6C11D3574DB009CE6FF /* SKTAudio.swift */; };
		91BDF6CE1D3574DB009CE6FF /* SKTEffects.swift in Sources */ = {isa = PBXBuildFile; fileRef = 91BDF6C21D3574DB009CE6FF /* SKTEffects.swift */; };
		91BDF6CF1D3574DB009CE6FF /* SKTTimingFunctions.swift in Sources */ = {isa = PBXBuildFile; fileRef = 91BDF6C31D3574DB009CE6FF /* SKTTimingFunctions.swift */; };
		91BDF6D01D3574DB009CE6FF /* Vector3.swift in Sources */ = {isa = PBXBuildFile; fileRef = 91BDF6C41D3574DB009CE6FF /* Vector3.swift */; };
		91BDF6D21D358210009CE6FF /* Hero.swift in Sources */ = {isa = PBXBuildFile; fileRef = 91BDF6D11D358210009CE6FF /* Hero.swift */; };
		91BDF6D41D358229009CE6FF /* Hero.sks in Resources */ = {isa = PBXBuildFile; fileRef = 91BDF6D31D358229009CE6FF /* Hero.sks */; };
		91BDF6D91D35878B009CE6FF /* MSButtonNode.swift in Sources */ = {isa = PBXBuildFile; fileRef = 91BDF6D71D35878B009CE6FF /* MSButtonNode.swift */; };
		91BDF6DA1D35878B009CE6FF /* MSReferenceNode.swift in Sources */ = {isa = PBXBuildFile; fileRef = 91BDF6D81D35878B009CE6FF /* MSReferenceNode.swift */; };
		91D08B761D35B3930092D664 /* Enemy.swift in Sources */ = {isa = PBXBuildFile; fileRef = 91D08B751D35B3930092D664 /* Enemy.swift */; };
		91F9FC511D4FF04D00E26D01 /* Singletons.swift in Sources */ = {isa = PBXBuildFile; fileRef = 91F9FC501D4FF04D00E26D01 /* Singletons.swift */; };
		91FE305C1D51150900F37756 /* Collectible.swift in Sources */ = {isa = PBXBuildFile; fileRef = 91FE305B1D51150900F37756 /* Collectible.swift */; };
		91FE305E1D53C55D00F37756 /* bubble.png in Resources */ = {isa = PBXBuildFile; fileRef = 91FE305D1D53C55D00F37756 /* bubble.png */; };
/* End PBXBuildFile section */

/* Begin PBXFileReference section */
		911431941D5C1A0D00FC22AE /* boxybold.atlas */ = {isa = PBXFileReference; lastKnownFileType = folder.skatlas; path = boxybold.atlas; sourceTree = "<group>"; };
		911431961D5D346D00FC22AE /* turtle_big.png */ = {isa = PBXFileReference; lastKnownFileType = image.png; path = turtle_big.png; sourceTree = "<group>"; };
		911431981D5D3A6D00FC22AE /* frogblob.atlas */ = {isa = PBXFileReference; lastKnownFileType = folder.skatlas; path = frogblob.atlas; sourceTree = "<group>"; };
		913A9FC61D4964A1009CA619 /* star1.png */ = {isa = PBXFileReference; lastKnownFileType = image.png; path = star1.png; sourceTree = "<group>"; };
		913A9FC81D4AA5E7009CA619 /* star2.svg */ = {isa = PBXFileReference; fileEncoding = 4; lastKnownFileType = text.xml; path = star2.svg; sourceTree = "<group>"; };
		914569601D53E73E00B06048 /* restart.png */ = {isa = PBXFileReference; lastKnownFileType = image.png; path = restart.png; sourceTree = "<group>"; };
		914569611D53E73E00B06048 /* play.png */ = {isa = PBXFileReference; lastKnownFileType = image.png; path = play.png; sourceTree = "<group>"; };
		9145696E1D55548300B06048 /* Chartboost.framework */ = {isa = PBXFileReference; lastKnownFileType = wrapper.framework; name = Chartboost.framework; path = HungryHopper/SKTUtils/Chartboost.framework; sourceTree = "<group>"; };
		914569701D5554A900B06048 /* StoreKit.framework */ = {isa = PBXFileReference; lastKnownFileType = wrapper.framework; name = StoreKit.framework; path = System/Library/Frameworks/StoreKit.framework; sourceTree = SDKROOT; };
		914569721D5554BE00B06048 /* Foundation.framework */ = {isa = PBXFileReference; lastKnownFileType = wrapper.framework; name = Foundation.framework; path = System/Library/Frameworks/Foundation.framework; sourceTree = SDKROOT; };
		914569741D5554F800B06048 /* CoreGraphics.framework */ = {isa = PBXFileReference; lastKnownFileType = wrapper.framework; name = CoreGraphics.framework; path = System/Library/Frameworks/CoreGraphics.framework; sourceTree = SDKROOT; };
		914569761D55550100B06048 /* UIKit.framework */ = {isa = PBXFileReference; lastKnownFileType = wrapper.framework; name = UIKit.framework; path = System/Library/Frameworks/UIKit.framework; sourceTree = SDKROOT; };
		914569791D55577E00B06048 /* BridgingHeader.h */ = {isa = PBXFileReference; fileEncoding = 4; lastKnownFileType = sourcecode.c.h; path = BridgingHeader.h; sourceTree = "<group>"; };
		914569BD1D591EEE00B06048 /* coins.atlas */ = {isa = PBXFileReference; lastKnownFileType = folder.skatlas; path = coins.atlas; sourceTree = "<group>"; };
		914569C11D591F9F00B06048 /* Coin.swift */ = {isa = PBXFileReference; fileEncoding = 4; lastKnownFileType = sourcecode.swift; path = Coin.swift; sourceTree = "<group>"; };
		914569C31D59482700B06048 /* fish.atlas */ = {isa = PBXFileReference; lastKnownFileType = folder.skatlas; path = fish.atlas; sourceTree = "<group>"; };
		914569C71D5A557B00B06048 /* shark_open_upscaled.png */ = {isa = PBXFileReference; lastKnownFileType = image.png; path = shark_open_upscaled.png; sourceTree = "<group>"; };
		914569CB1D5A56D400B06048 /* shark_closed.png */ = {isa = PBXFileReference; lastKnownFileType = image.png; path = shark_closed.png; sourceTree = "<group>"; };
		914569CD1D5A597200B06048 /* fb5.png */ = {isa = PBXFileReference; lastKnownFileType = image.png; path = fb5.png; sourceTree = "<group>"; };
		914569CE1D5A597200B06048 /* fb6.png */ = {isa = PBXFileReference; lastKnownFileType = image.png; path = fb6.png; sourceTree = "<group>"; };
		9153D10B1D3D844900E98242 /* redfish.png */ = {isa = PBXFileReference; lastKnownFileType = image.png; name = redfish.png; path = HungryHopper/Assets.xcassets/RedFish.imageset/redfish.png; sourceTree = "<group>"; };
		9195E3AD1D3FEF440062FA6A /* Obstacle.swift */ = {isa = PBXFileReference; fileEncoding = 4; lastKnownFileType = sourcecode.swift; name = Obstacle.swift; path = ../Obstacle.swift; sourceTree = "<group>"; };
		9195E3AF1D402E9B0062FA6A /* Level.swift */ = {isa = PBXFileReference; fileEncoding = 4; lastKnownFileType = sourcecode.swift; name = Level.swift; path = ../Level.swift; sourceTree = "<group>"; };
		91BDF6991D306DF5009CE6FF /* Chase Race.app */ = {isa = PBXFileReference; explicitFileType = wrapper.application; includeInIndex = 0; path = "Chase Race.app"; sourceTree = BUILT_PRODUCTS_DIR; };
		91BDF69C1D306DF5009CE6FF /* AppDelegate.swift */ = {isa = PBXFileReference; lastKnownFileType = sourcecode.swift; path = AppDelegate.swift; sourceTree = "<group>"; };
		91BDF69E1D306DF5009CE6FF /* GameScene.sks */ = {isa = PBXFileReference; lastKnownFileType = file.sks; path = GameScene.sks; sourceTree = "<group>"; };
		91BDF6A01D306DF5009CE6FF /* GameScene.swift */ = {isa = PBXFileReference; lastKnownFileType = sourcecode.swift; path = GameScene.swift; sourceTree = "<group>"; };
		91BDF6A21D306DF5009CE6FF /* GameViewController.swift */ = {isa = PBXFileReference; lastKnownFileType = sourcecode.swift; path = GameViewController.swift; sourceTree = "<group>"; };
		91BDF6A51D306DF5009CE6FF /* Base */ = {isa = PBXFileReference; lastKnownFileType = file.storyboard; name = Base; path = Base.lproj/Main.storyboard; sourceTree = "<group>"; };
		91BDF6A71D306DF5009CE6FF /* Assets.xcassets */ = {isa = PBXFileReference; lastKnownFileType = folder.assetcatalog; path = Assets.xcassets; sourceTree = "<group>"; };
		91BDF6AA1D306DF5009CE6FF /* Base */ = {isa = PBXFileReference; lastKnownFileType = file.storyboard; name = Base; path = Base.lproj/LaunchScreen.storyboard; sourceTree = "<group>"; };
		91BDF6AC1D306DF5009CE6FF /* Info.plist */ = {isa = PBXFileReference; lastKnownFileType = text.plist.xml; path = Info.plist; sourceTree = "<group>"; };
		91BDF6B21D342250009CE6FF /* EnemyReferenceNode.swift */ = {isa = PBXFileReference; fileEncoding = 4; lastKnownFileType = sourcecode.swift; name = EnemyReferenceNode.swift; path = ../EnemyReferenceNode.swift; sourceTree = "<group>"; };
		91BDF6B41D34247E009CE6FF /* Enemy.sks */ = {isa = PBXFileReference; lastKnownFileType = file.sks; name = Enemy.sks; path = ../Enemy.sks; sourceTree = "<group>"; };
		91BDF6B91D3574DB009CE6FF /* CGFloat+Extensions.swift */ = {isa = PBXFileReference; fileEncoding = 4; lastKnownFileType = sourcecode.swift; path = "CGFloat+Extensions.swift"; sourceTree = "<group>"; };
		91BDF6BA1D3574DB009CE6FF /* CGPoint+Extensions.swift */ = {isa = PBXFileReference; fileEncoding = 4; lastKnownFileType = sourcecode.swift; path = "CGPoint+Extensions.swift"; sourceTree = "<group>"; };
		91BDF6BB1D3574DB009CE6FF /* CGVector+Extensions.swift */ = {isa = PBXFileReference; fileEncoding = 4; lastKnownFileType = sourcecode.swift; path = "CGVector+Extensions.swift"; sourceTree = "<group>"; };
		91BDF6BC1D3574DB009CE6FF /* Int+Extensions.swift */ = {isa = PBXFileReference; fileEncoding = 4; lastKnownFileType = sourcecode.swift; path = "Int+Extensions.swift"; sourceTree = "<group>"; };
		91BDF6BD1D3574DB009CE6FF /* SKAction+Extensions.swift */ = {isa = PBXFileReference; fileEncoding = 4; lastKnownFileType = sourcecode.swift; path = "SKAction+Extensions.swift"; sourceTree = "<group>"; };
		91BDF6BE1D3574DB009CE6FF /* SKAction+SpecialEffects.swift */ = {isa = PBXFileReference; fileEncoding = 4; lastKnownFileType = sourcecode.swift; path = "SKAction+SpecialEffects.swift"; sourceTree = "<group>"; };
		91BDF6BF1D3574DB009CE6FF /* SKColor+Extensions.swift */ = {isa = PBXFileReference; fileEncoding = 4; lastKnownFileType = sourcecode.swift; path = "SKColor+Extensions.swift"; sourceTree = "<group>"; };
		91BDF6C01D3574DB009CE6FF /* SKNode+Extensions.swift */ = {isa = PBXFileReference; fileEncoding = 4; lastKnownFileType = sourcecode.swift; path = "SKNode+Extensions.swift"; sourceTree = "<group>"; };
		91BDF6C11D3574DB009CE6FF /* SKTAudio.swift */ = {isa = PBXFileReference; fileEncoding = 4; lastKnownFileType = sourcecode.swift; path = SKTAudio.swift; sourceTree = "<group>"; };
		91BDF6C21D3574DB009CE6FF /* SKTEffects.swift */ = {isa = PBXFileReference; fileEncoding = 4; lastKnownFileType = sourcecode.swift; path = SKTEffects.swift; sourceTree = "<group>"; };
		91BDF6C31D3574DB009CE6FF /* SKTTimingFunctions.swift */ = {isa = PBXFileReference; fileEncoding = 4; lastKnownFileType = sourcecode.swift; path = SKTTimingFunctions.swift; sourceTree = "<group>"; };
		91BDF6C41D3574DB009CE6FF /* Vector3.swift */ = {isa = PBXFileReference; fileEncoding = 4; lastKnownFileType = sourcecode.swift; path = Vector3.swift; sourceTree = "<group>"; };
		91BDF6D11D358210009CE6FF /* Hero.swift */ = {isa = PBXFileReference; fileEncoding = 4; lastKnownFileType = sourcecode.swift; name = Hero.swift; path = ../Hero.swift; sourceTree = "<group>"; };
		91BDF6D31D358229009CE6FF /* Hero.sks */ = {isa = PBXFileReference; lastKnownFileType = file.sks; name = Hero.sks; path = ../Hero.sks; sourceTree = "<group>"; };
		91BDF6D71D35878B009CE6FF /* MSButtonNode.swift */ = {isa = PBXFileReference; fileEncoding = 4; lastKnownFileType = sourcecode.swift; name = MSButtonNode.swift; path = HungryHopper/MSButtonNode.swift; sourceTree = "<group>"; };
		91BDF6D81D35878B009CE6FF /* MSReferenceNode.swift */ = {isa = PBXFileReference; fileEncoding = 4; lastKnownFileType = sourcecode.swift; name = MSReferenceNode.swift; path = HungryHopper/MSReferenceNode.swift; sourceTree = "<group>"; };
		91D08B751D35B3930092D664 /* Enemy.swift */ = {isa = PBXFileReference; fileEncoding = 4; lastKnownFileType = sourcecode.swift; name = Enemy.swift; path = ../Enemy.swift; sourceTree = "<group>"; };
		91F9FC501D4FF04D00E26D01 /* Singletons.swift */ = {isa = PBXFileReference; fileEncoding = 4; lastKnownFileType = sourcecode.swift; name = Singletons.swift; path = ../Singletons.swift; sourceTree = "<group>"; };
		91FE305B1D51150900F37756 /* Collectible.swift */ = {isa = PBXFileReference; fileEncoding = 4; lastKnownFileType = sourcecode.swift; path = Collectible.swift; sourceTree = "<group>"; };
		91FE305D1D53C55D00F37756 /* bubble.png */ = {isa = PBXFileReference; lastKnownFileType = image.png; path = bubble.png; sourceTree = "<group>"; };
/* End PBXFileReference section */

/* Begin PBXFrameworksBuildPhase section */
		91BDF6961D306DF5009CE6FF /* Frameworks */ = {
			isa = PBXFrameworksBuildPhase;
			buildActionMask = 2147483647;
			files = (
				914569771D55550100B06048 /* UIKit.framework in Frameworks */,
				914569751D5554F800B06048 /* CoreGraphics.framework in Frameworks */,
				914569731D5554BE00B06048 /* Foundation.framework in Frameworks */,
				914569711D5554A900B06048 /* StoreKit.framework in Frameworks */,
				9145696F1D55548300B06048 /* Chartboost.framework in Frameworks */,
			);
			runOnlyForDeploymentPostprocessing = 0;
		};
/* End PBXFrameworksBuildPhase section */

/* Begin PBXGroup section */
		91BDF6901D306DF5009CE6FF = {
			isa = PBXGroup;
			children = (
				914569791D55577E00B06048 /* BridgingHeader.h */,
				914569761D55550100B06048 /* UIKit.framework */,
				914569741D5554F800B06048 /* CoreGraphics.framework */,
				914569721D5554BE00B06048 /* Foundation.framework */,
				9145696E1D55548300B06048 /* Chartboost.framework */,
				914569701D5554A900B06048 /* StoreKit.framework */,
				91BDF69B1D306DF5009CE6FF /* HungryHopper */,
				91BDF6D71D35878B009CE6FF /* MSButtonNode.swift */,
				91BDF6D81D35878B009CE6FF /* MSReferenceNode.swift */,
				911431981D5D3A6D00FC22AE /* frogblob.atlas */,
				911431941D5C1A0D00FC22AE /* boxybold.atlas */,
				914569C31D59482700B06048 /* fish.atlas */,
				914569BD1D591EEE00B06048 /* coins.atlas */,
				91D08B771D36C01E0092D664 /* images */,
				91BDF69A1D306DF5009CE6FF /* Products */,
				91BDF6B81D3574DB009CE6FF /* SKTUtils */,
			);
			sourceTree = "<group>";
		};
		91BDF69A1D306DF5009CE6FF /* Products */ = {
			isa = PBXGroup;
			children = (
				91BDF6991D306DF5009CE6FF /* Chase Race.app */,
			);
			name = Products;
			sourceTree = "<group>";
		};
		91BDF69B1D306DF5009CE6FF /* HungryHopper */ = {
			isa = PBXGroup;
			children = (
				91BDF6A01D306DF5009CE6FF /* GameScene.swift */,
				91BDF69E1D306DF5009CE6FF /* GameScene.sks */,
				91F9FC501D4FF04D00E26D01 /* Singletons.swift */,
				9195E3AF1D402E9B0062FA6A /* Level.swift */,
				9195E3AD1D3FEF440062FA6A /* Obstacle.swift */,
				91BDF6B41D34247E009CE6FF /* Enemy.sks */,
				91D08B751D35B3930092D664 /* Enemy.swift */,
				91BDF6D31D358229009CE6FF /* Hero.sks */,
				91BDF6D11D358210009CE6FF /* Hero.swift */,
				91FE305B1D51150900F37756 /* Collectible.swift */,
				914569C11D591F9F00B06048 /* Coin.swift */,
				91BDF6B21D342250009CE6FF /* EnemyReferenceNode.swift */,
				91BDF6A21D306DF5009CE6FF /* GameViewController.swift */,
				91BDF69C1D306DF5009CE6FF /* AppDelegate.swift */,
				91BDF6AC1D306DF5009CE6FF /* Info.plist */,
				91BDF6A41D306DF5009CE6FF /* Main.storyboard */,
				91BDF6A91D306DF5009CE6FF /* LaunchScreen.storyboard */,
				91BDF6A71D306DF5009CE6FF /* Assets.xcassets */,
			);
			path = HungryHopper;
			sourceTree = "<group>";
		};
		91BDF6B81D3574DB009CE6FF /* SKTUtils */ = {
			isa = PBXGroup;
			children = (
				91BDF6B91D3574DB009CE6FF /* CGFloat+Extensions.swift */,
				91BDF6BA1D3574DB009CE6FF /* CGPoint+Extensions.swift */,
				91BDF6BB1D3574DB009CE6FF /* CGVector+Extensions.swift */,
				91BDF6BC1D3574DB009CE6FF /* Int+Extensions.swift */,
				91BDF6BD1D3574DB009CE6FF /* SKAction+Extensions.swift */,
				91BDF6BE1D3574DB009CE6FF /* SKAction+SpecialEffects.swift */,
				91BDF6BF1D3574DB009CE6FF /* SKColor+Extensions.swift */,
				91BDF6C01D3574DB009CE6FF /* SKNode+Extensions.swift */,
				91BDF6C11D3574DB009CE6FF /* SKTAudio.swift */,
				91BDF6C21D3574DB009CE6FF /* SKTEffects.swift */,
				91BDF6C31D3574DB009CE6FF /* SKTTimingFunctions.swift */,
				91BDF6C41D3574DB009CE6FF /* Vector3.swift */,
			);
			name = SKTUtils;
			path = HungryHopper/SKTUtils;
			sourceTree = "<group>";
		};
		91D08B771D36C01E0092D664 /* images */ = {
			isa = PBXGroup;
			children = (
				911431961D5D346D00FC22AE /* turtle_big.png */,
				914569CB1D5A56D400B06048 /* shark_closed.png */,
				914569C71D5A557B00B06048 /* shark_open_upscaled.png */,
				914569CD1D5A597200B06048 /* fb5.png */,
				914569CE1D5A597200B06048 /* fb6.png */,
				914569601D53E73E00B06048 /* restart.png */,
				914569611D53E73E00B06048 /* play.png */,
				91FE305D1D53C55D00F37756 /* bubble.png */,
				913A9FC81D4AA5E7009CA619 /* star2.svg */,
				913A9FC61D4964A1009CA619 /* star1.png */,
				9153D10B1D3D844900E98242 /* redfish.png */,
			);
			name = images;
			sourceTree = "<group>";
		};
/* End PBXGroup section */

/* Begin PBXNativeTarget section */
		91BDF6981D306DF5009CE6FF /* Chase Race */ = {
			isa = PBXNativeTarget;
			buildConfigurationList = 91BDF6AF1D306DF5009CE6FF /* Build configuration list for PBXNativeTarget "Chase Race" */;
			buildPhases = (
				91BDF6951D306DF5009CE6FF /* Sources */,
				91BDF6961D306DF5009CE6FF /* Frameworks */,
				91BDF6971D306DF5009CE6FF /* Resources */,
			);
			buildRules = (
			);
			dependencies = (
			);
			name = "Chase Race";
			productName = HungryHopper;
			productReference = 91BDF6991D306DF5009CE6FF /* Chase Race.app */;
			productType = "com.apple.product-type.application";
		};
/* End PBXNativeTarget section */

/* Begin PBXProject section */
		91BDF6911D306DF5009CE6FF /* Project object */ = {
			isa = PBXProject;
			attributes = {
				LastSwiftUpdateCheck = 0730;
				LastUpgradeCheck = 0730;
				ORGANIZATIONNAME = "Ross Jusrin";
				TargetAttributes = {
					91BDF6981D306DF5009CE6FF = {
						CreatedOnToolsVersion = 7.3.1;
					};
				};
			};
			buildConfigurationList = 91BDF6941D306DF5009CE6FF /* Build configuration list for PBXProject "Chase Race" */;
			compatibilityVersion = "Xcode 3.2";
			developmentRegion = English;
			hasScannedForEncodings = 0;
			knownRegions = (
				en,
				Base,
			);
			mainGroup = 91BDF6901D306DF5009CE6FF;
			productRefGroup = 91BDF69A1D306DF5009CE6FF /* Products */;
			projectDirPath = "";
			projectRoot = "";
			targets = (
				91BDF6981D306DF5009CE6FF /* Chase Race */,
			);
		};
/* End PBXProject section */

/* Begin PBXResourcesBuildPhase section */
		91BDF6971D306DF5009CE6FF /* Resources */ = {
			isa = PBXResourcesBuildPhase;
			buildActionMask = 2147483647;
			files = (
				914569C81D5A557B00B06048 /* shark_open_upscaled.png in Resources */,
				91BDF69F1D306DF5009CE6FF /* GameScene.sks in Resources */,
				914569BE1D591EEE00B06048 /* coins.atlas in Resources */,
				91BDF6AB1D306DF5009CE6FF /* LaunchScreen.storyboard in Resources */,
				91FE305E1D53C55D00F37756 /* bubble.png in Resources */,
				914569CC1D5A56D400B06048 /* shark_closed.png in Resources */,
				91BDF6A81D306DF5009CE6FF /* Assets.xcassets in Resources */,
				914569CF1D5A597200B06048 /* fb5.png in Resources */,
				91BDF6D41D358229009CE6FF /* Hero.sks in Resources */,
				91BDF6B51D34247E009CE6FF /* Enemy.sks in Resources */,
				913A9FC91D4AA5E7009CA619 /* star2.svg in Resources */,
				914569D01D5A597200B06048 /* fb6.png in Resources */,
				911431951D5C1A0D00FC22AE /* boxybold.atlas in Resources */,
				9153D10C1D3D844900E98242 /* redfish.png in Resources */,
				914569631D53E73E00B06048 /* play.png in Resources */,
				913A9FC71D4964A1009CA619 /* star1.png in Resources */,
				914569C41D59482700B06048 /* fish.atlas in Resources */,
				91BDF6A61D306DF5009CE6FF /* Main.storyboard in Resources */,
				911431971D5D346D00FC22AE /* turtle_big.png in Resources */,
				914569621D53E73E00B06048 /* restart.png in Resources */,
				911431991D5D3A6D00FC22AE /* frogblob.atlas in Resources */,
			);
			runOnlyForDeploymentPostprocessing = 0;
		};
/* End PBXResourcesBuildPhase section */

/* Begin PBXSourcesBuildPhase section */
		91BDF6951D306DF5009CE6FF /* Sources */ = {
			isa = PBXSourcesBuildPhase;
			buildActionMask = 2147483647;
			files = (
				91BDF6D21D358210009CE6FF /* Hero.swift in Sources */,
				91F9FC511D4FF04D00E26D01 /* Singletons.swift in Sources */,
				91BDF6CB1D3574DB009CE6FF /* SKColor+Extensions.swift in Sources */,
				91BDF6CF1D3574DB009CE6FF /* SKTTimingFunctions.swift in Sources */,
				91BDF6D91D35878B009CE6FF /* MSButtonNode.swift in Sources */,
				91BDF6C91D3574DB009CE6FF /* SKAction+Extensions.swift in Sources */,
				91BDF6B31D342250009CE6FF /* EnemyReferenceNode.swift in Sources */,
				91BDF6C71D3574DB009CE6FF /* CGVector+Extensions.swift in Sources */,
				91BDF6CD1D3574DB009CE6FF /* SKTAudio.swift in Sources */,
				91BDF6C51D3574DB009CE6FF /* CGFloat+Extensions.swift in Sources */,
				91BDF6CC1D3574DB009CE6FF /* SKNode+Extensions.swift in Sources */,
				91BDF6CE1D3574DB009CE6FF /* SKTEffects.swift in Sources */,
				91BDF6A11D306DF5009CE6FF /* GameScene.swift in Sources */,
				914569C21D591F9F00B06048 /* Coin.swift in Sources */,
				9195E3B01D402E9B0062FA6A /* Level.swift in Sources */,
				91FE305C1D51150900F37756 /* Collectible.swift in Sources */,
				91BDF6A31D306DF5009CE6FF /* GameViewController.swift in Sources */,
				91BDF6C81D3574DB009CE6FF /* Int+Extensions.swift in Sources */,
				9195E3AE1D3FEF440062FA6A /* Obstacle.swift in Sources */,
				91BDF6C61D3574DB009CE6FF /* CGPoint+Extensions.swift in Sources */,
				91BDF6CA1D3574DB009CE6FF /* SKAction+SpecialEffects.swift in Sources */,
				91D08B761D35B3930092D664 /* Enemy.swift in Sources */,
				91BDF6D01D3574DB009CE6FF /* Vector3.swift in Sources */,
				91BDF6DA1D35878B009CE6FF /* MSReferenceNode.swift in Sources */,
				91BDF69D1D306DF5009CE6FF /* AppDelegate.swift in Sources */,
			);
			runOnlyForDeploymentPostprocessing = 0;
		};
/* End PBXSourcesBuildPhase section */

/* Begin PBXVariantGroup section */
		91BDF6A41D306DF5009CE6FF /* Main.storyboard */ = {
			isa = PBXVariantGroup;
			children = (
				91BDF6A51D306DF5009CE6FF /* Base */,
			);
			name = Main.storyboard;
			sourceTree = "<group>";
		};
		91BDF6A91D306DF5009CE6FF /* LaunchScreen.storyboard */ = {
			isa = PBXVariantGroup;
			children = (
				91BDF6AA1D306DF5009CE6FF /* Base */,
			);
			name = LaunchScreen.storyboard;
			sourceTree = "<group>";
		};
/* End PBXVariantGroup section */

/* Begin XCBuildConfiguration section */
		91BDF6AD1D306DF5009CE6FF /* Debug */ = {
			isa = XCBuildConfiguration;
			buildSettings = {
				ALWAYS_SEARCH_USER_PATHS = NO;
				CLANG_ANALYZER_NONNULL = YES;
				CLANG_CXX_LANGUAGE_STANDARD = "gnu++0x";
				CLANG_CXX_LIBRARY = "libc++";
				CLANG_ENABLE_MODULES = YES;
				CLANG_ENABLE_OBJC_ARC = YES;
				CLANG_WARN_BOOL_CONVERSION = YES;
				CLANG_WARN_CONSTANT_CONVERSION = YES;
				CLANG_WARN_DIRECT_OBJC_ISA_USAGE = YES_ERROR;
				CLANG_WARN_EMPTY_BODY = YES;
				CLANG_WARN_ENUM_CONVERSION = YES;
				CLANG_WARN_INT_CONVERSION = YES;
				CLANG_WARN_OBJC_ROOT_CLASS = YES_ERROR;
				CLANG_WARN_UNREACHABLE_CODE = YES;
				CLANG_WARN__DUPLICATE_METHOD_MATCH = YES;
				"CODE_SIGN_IDENTITY[sdk=iphoneos*]" = "iPhone Developer";
				COPY_PHASE_STRIP = NO;
				DEBUG_INFORMATION_FORMAT = "dwarf-with-dsym";
				ENABLE_STRICT_OBJC_MSGSEND = YES;
				ENABLE_TESTABILITY = YES;
				GCC_C_LANGUAGE_STANDARD = gnu99;
				GCC_DYNAMIC_NO_PIC = NO;
				GCC_NO_COMMON_BLOCKS = YES;
				GCC_OPTIMIZATION_LEVEL = 0;
				GCC_PREPROCESSOR_DEFINITIONS = (
					"DEBUG=1",
					"$(inherited)",
				);
				GCC_WARN_64_TO_32_BIT_CONVERSION = YES;
				GCC_WARN_ABOUT_RETURN_TYPE = YES_ERROR;
				GCC_WARN_UNDECLARED_SELECTOR = YES;
				GCC_WARN_UNINITIALIZED_AUTOS = YES_AGGRESSIVE;
				GCC_WARN_UNUSED_FUNCTION = YES;
				GCC_WARN_UNUSED_VARIABLE = YES;
				IPHONEOS_DEPLOYMENT_TARGET = 9.3;
				MTL_ENABLE_DEBUG_INFO = YES;
				ONLY_ACTIVE_ARCH = YES;
				SDKROOT = iphoneos;
				SWIFT_OPTIMIZATION_LEVEL = "-Onone";
				TARGETED_DEVICE_FAMILY = "1,2";
			};
			name = Debug;
		};
		91BDF6AE1D306DF5009CE6FF /* Release */ = {
			isa = XCBuildConfiguration;
			buildSettings = {
				ALWAYS_SEARCH_USER_PATHS = NO;
				CLANG_ANALYZER_NONNULL = YES;
				CLANG_CXX_LANGUAGE_STANDARD = "gnu++0x";
				CLANG_CXX_LIBRARY = "libc++";
				CLANG_ENABLE_MODULES = YES;
				CLANG_ENABLE_OBJC_ARC = YES;
				CLANG_WARN_BOOL_CONVERSION = YES;
				CLANG_WARN_CONSTANT_CONVERSION = YES;
				CLANG_WARN_DIRECT_OBJC_ISA_USAGE = YES_ERROR;
				CLANG_WARN_EMPTY_BODY = YES;
				CLANG_WARN_ENUM_CONVERSION = YES;
				CLANG_WARN_INT_CONVERSION = YES;
				CLANG_WARN_OBJC_ROOT_CLASS = YES_ERROR;
				CLANG_WARN_UNREACHABLE_CODE = YES;
				CLANG_WARN__DUPLICATE_METHOD_MATCH = YES;
				"CODE_SIGN_IDENTITY[sdk=iphoneos*]" = "iPhone Developer";
				COPY_PHASE_STRIP = NO;
				DEBUG_INFORMATION_FORMAT = "dwarf-with-dsym";
				ENABLE_NS_ASSERTIONS = NO;
				ENABLE_STRICT_OBJC_MSGSEND = YES;
				GCC_C_LANGUAGE_STANDARD = gnu99;
				GCC_NO_COMMON_BLOCKS = YES;
				GCC_WARN_64_TO_32_BIT_CONVERSION = YES;
				GCC_WARN_ABOUT_RETURN_TYPE = YES_ERROR;
				GCC_WARN_UNDECLARED_SELECTOR = YES;
				GCC_WARN_UNINITIALIZED_AUTOS = YES_AGGRESSIVE;
				GCC_WARN_UNUSED_FUNCTION = YES;
				GCC_WARN_UNUSED_VARIABLE = YES;
				IPHONEOS_DEPLOYMENT_TARGET = 9.3;
				MTL_ENABLE_DEBUG_INFO = NO;
				SDKROOT = iphoneos;
				TARGETED_DEVICE_FAMILY = "1,2";
				VALIDATE_PRODUCT = YES;
			};
			name = Release;
		};
		91BDF6B01D306DF5009CE6FF /* Debug */ = {
			isa = XCBuildConfiguration;
			buildSettings = {
				ASSETCATALOG_COMPILER_APPICON_NAME = AppIcon;
				FRAMEWORK_SEARCH_PATHS = (
					"$(inherited)",
					"$(PROJECT_DIR)/HungryHopper/SKTUtils",
				);
				INFOPLIST_FILE = HungryHopper/Info.plist;
				LD_RUNPATH_SEARCH_PATHS = "$(inherited) @executable_path/Frameworks";
				PRODUCT_BUNDLE_IDENTIFIER = com.roju.ChaseRace;
				PRODUCT_NAME = "Chase Race";
				SWIFT_OBJC_BRIDGING_HEADER = "$(PROJECT_DIR)/BridgingHeader.h";
			};
			name = Debug;
		};
		91BDF6B11D306DF5009CE6FF /* Release */ = {
			isa = XCBuildConfiguration;
			buildSettings = {
				ASSETCATALOG_COMPILER_APPICON_NAME = AppIcon;
				FRAMEWORK_SEARCH_PATHS = (
					"$(inherited)",
					"$(PROJECT_DIR)/HungryHopper/SKTUtils",
				);
				INFOPLIST_FILE = HungryHopper/Info.plist;
				LD_RUNPATH_SEARCH_PATHS = "$(inherited) @executable_path/Frameworks";
				PRODUCT_BUNDLE_IDENTIFIER = com.roju.ChaseRace;
				PRODUCT_NAME = "Chase Race";
				SWIFT_OBJC_BRIDGING_HEADER = "$(PROJECT_DIR)/BridgingHeader.h";
			};
			name = Release;
		};
/* End XCBuildConfiguration section */

/* Begin XCConfigurationList section */
		91BDF6941D306DF5009CE6FF /* Build configuration list for PBXProject "Chase Race" */ = {
			isa = XCConfigurationList;
			buildConfigurations = (
				91BDF6AD1D306DF5009CE6FF /* Debug */,
				91BDF6AE1D306DF5009CE6FF /* Release */,
			);
			defaultConfigurationIsVisible = 0;
			defaultConfigurationName = Release;
		};
		91BDF6AF1D306DF5009CE6FF /* Build configuration list for PBXNativeTarget "Chase Race" */ = {
			isa = XCConfigurationList;
			buildConfigurations = (
				91BDF6B01D306DF5009CE6FF /* Debug */,
				91BDF6B11D306DF5009CE6FF /* Release */,
			);
			defaultConfigurationIsVisible = 0;
			defaultConfigurationName = Release;
		};
/* End XCConfigurationList section */
	};
	rootObject = 91BDF6911D306DF5009CE6FF /* Project object */;
}
