// !$*UTF8*$!
{
	archiveVersion = 1;
	classes = {
	};
	objectVersion = 46;
	objects = {

/* Begin PBXBuildFile section */
		9153D10C1D3D844900E98242 /* redfish.png in Resources */ = {isa = PBXBuildFile; fileRef = 9153D10B1D3D844900E98242 /* redfish.png */; };
		9153D10E1D3D9C3E00E98242 /* 1.png in Resources */ = {isa = PBXBuildFile; fileRef = 9153D10D1D3D9C3E00E98242 /* 1.png */; };
		9153D1251D3EED3800E98242 /* 2.png in Resources */ = {isa = PBXBuildFile; fileRef = 9153D10F1D3EED3800E98242 /* 2.png */; };
		9153D1261D3EED3800E98242 /* 3.png in Resources */ = {isa = PBXBuildFile; fileRef = 9153D1101D3EED3800E98242 /* 3.png */; };
		9153D1271D3EED3800E98242 /* 4.png in Resources */ = {isa = PBXBuildFile; fileRef = 9153D1111D3EED3800E98242 /* 4.png */; };
		9153D1281D3EED3800E98242 /* 5.png in Resources */ = {isa = PBXBuildFile; fileRef = 9153D1121D3EED3800E98242 /* 5.png */; };
		9153D1291D3EED3800E98242 /* 6.png in Resources */ = {isa = PBXBuildFile; fileRef = 9153D1131D3EED3800E98242 /* 6.png */; };
		9153D12A1D3EED3800E98242 /* 7.png in Resources */ = {isa = PBXBuildFile; fileRef = 9153D1141D3EED3800E98242 /* 7.png */; };
		9153D12B1D3EED3800E98242 /* 8.png in Resources */ = {isa = PBXBuildFile; fileRef = 9153D1151D3EED3800E98242 /* 8.png */; };
		9153D12C1D3EED3800E98242 /* 9.png in Resources */ = {isa = PBXBuildFile; fileRef = 9153D1161D3EED3800E98242 /* 9.png */; };
		9153D12D1D3EED3800E98242 /* 10.png in Resources */ = {isa = PBXBuildFile; fileRef = 9153D1171D3EED3800E98242 /* 10.png */; };
		9153D12E1D3EED3800E98242 /* 11.png in Resources */ = {isa = PBXBuildFile; fileRef = 9153D1181D3EED3800E98242 /* 11.png */; };
		9153D12F1D3EED3800E98242 /* 12.png in Resources */ = {isa = PBXBuildFile; fileRef = 9153D1191D3EED3800E98242 /* 12.png */; };
		9153D1301D3EED3800E98242 /* 13.png in Resources */ = {isa = PBXBuildFile; fileRef = 9153D11A1D3EED3800E98242 /* 13.png */; };
		9153D1311D3EED3800E98242 /* 14.png in Resources */ = {isa = PBXBuildFile; fileRef = 9153D11B1D3EED3800E98242 /* 14.png */; };
		9153D1321D3EED3800E98242 /* 15.png in Resources */ = {isa = PBXBuildFile; fileRef = 9153D11C1D3EED3800E98242 /* 15.png */; };
		9153D1331D3EED3800E98242 /* 16.png in Resources */ = {isa = PBXBuildFile; fileRef = 9153D11D1D3EED3800E98242 /* 16.png */; };
		9153D1341D3EED3800E98242 /* 17.png in Resources */ = {isa = PBXBuildFile; fileRef = 9153D11E1D3EED3800E98242 /* 17.png */; };
		9153D1351D3EED3800E98242 /* 18.png in Resources */ = {isa = PBXBuildFile; fileRef = 9153D11F1D3EED3800E98242 /* 18.png */; };
		9153D1361D3EED3800E98242 /* 19.png in Resources */ = {isa = PBXBuildFile; fileRef = 9153D1201D3EED3800E98242 /* 19.png */; };
		9153D1371D3EED3800E98242 /* 20.png in Resources */ = {isa = PBXBuildFile; fileRef = 9153D1211D3EED3800E98242 /* 20.png */; };
		9153D1381D3EED3800E98242 /* 21.png in Resources */ = {isa = PBXBuildFile; fileRef = 9153D1221D3EED3800E98242 /* 21.png */; };
		9153D1391D3EED3800E98242 /* 22.png in Resources */ = {isa = PBXBuildFile; fileRef = 9153D1231D3EED3800E98242 /* 22.png */; };
		9153D13A1D3EED3800E98242 /* 23.png in Resources */ = {isa = PBXBuildFile; fileRef = 9153D1241D3EED3800E98242 /* 23.png */; };
		91BDF69D1D306DF5009CE6FF /* AppDelegate.swift in Sources */ = {isa = PBXBuildFile; fileRef = 91BDF69C1D306DF5009CE6FF /* AppDelegate.swift */; };
		91BDF69F1D306DF5009CE6FF /* GameScene.sks in Resources */ = {isa = PBXBuildFile; fileRef = 91BDF69E1D306DF5009CE6FF /* GameScene.sks */; };
		91BDF6A11D306DF5009CE6FF /* GameScene.swift in Sources */ = {isa = PBXBuildFile; fileRef = 91BDF6A01D306DF5009CE6FF /* GameScene.swift */; };
		91BDF6A31D306DF5009CE6FF /* GameViewController.swift in Sources */ = {isa = PBXBuildFile; fileRef = 91BDF6A21D306DF5009CE6FF /* GameViewController.swift */; };
		91BDF6A61D306DF5009CE6FF /* Main.storyboard in Resources */ = {isa = PBXBuildFile; fileRef = 91BDF6A41D306DF5009CE6FF /* Main.storyboard */; };
		91BDF6A81D306DF5009CE6FF /* Assets.xcassets in Resources */ = {isa = PBXBuildFile; fileRef = 91BDF6A71D306DF5009CE6FF /* Assets.xcassets */; };
		91BDF6AB1D306DF5009CE6FF /* LaunchScreen.storyboard in Resources */ = {isa = PBXBuildFile; fileRef = 91BDF6A91D306DF5009CE6FF /* LaunchScreen.storyboard */; };
		91BDF6B31D342250009CE6FF /* EnemyReferenceNode.swift in Sources */ = {isa = PBXBuildFile; fileRef = 91BDF6B21D342250009CE6FF /* EnemyReferenceNode.swift */; };
		91BDF6B51D34247E009CE6FF /* Enemy.sks in Resources */ = {isa = PBXBuildFile; fileRef = 91BDF6B41D34247E009CE6FF /* Enemy.sks */; };
		91BDF6B71D342510009CE6FF /* flyingpenguin@2x.png in Resources */ = {isa = PBXBuildFile; fileRef = 91BDF6B61D342510009CE6FF /* flyingpenguin@2x.png */; };
		91BDF6C51D3574DB009CE6FF /* CGFloat+Extensions.swift in Sources */ = {isa = PBXBuildFile; fileRef = 91BDF6B91D3574DB009CE6FF /* CGFloat+Extensions.swift */; };
		91BDF6C61D3574DB009CE6FF /* CGPoint+Extensions.swift in Sources */ = {isa = PBXBuildFile; fileRef = 91BDF6BA1D3574DB009CE6FF /* CGPoint+Extensions.swift */; };
		91BDF6C71D3574DB009CE6FF /* CGVector+Extensions.swift in Sources */ = {isa = PBXBuildFile; fileRef = 91BDF6BB1D3574DB009CE6FF /* CGVector+Extensions.swift */; };
		91BDF6C81D3574DB009CE6FF /* Int+Extensions.swift in Sources */ = {isa = PBXBuildFile; fileRef = 91BDF6BC1D3574DB009CE6FF /* Int+Extensions.swift */; };
		91BDF6C91D3574DB009CE6FF /* SKAction+Extensions.swift in Sources */ = {isa = PBXBuildFile; fileRef = 91BDF6BD1D3574DB009CE6FF /* SKAction+Extensions.swift */; };
		91BDF6CA1D3574DB009CE6FF /* SKAction+SpecialEffects.swift in Sources */ = {isa = PBXBuildFile; fileRef = 91BDF6BE1D3574DB009CE6FF /* SKAction+SpecialEffects.swift */; };
		91BDF6CB1D3574DB009CE6FF /* SKColor+Extensions.swift in Sources */ = {isa = PBXBuildFile; fileRef = 91BDF6BF1D3574DB009CE6FF /* SKColor+Extensions.swift */; };
		91BDF6CC1D3574DB009CE6FF /* SKNode+Extensions.swift in Sources */ = {isa = PBXBuildFile; fileRef = 91BDF6C01D3574DB009CE6FF /* SKNode+Extensions.swift */; };
		91BDF6CD1D3574DB009CE6FF /* SKTAudio.swift in Sources */ = {isa = PBXBuildFile; fileRef = 91BDF6C11D3574DB009CE6FF /* SKTAudio.swift */; };
		91BDF6CE1D3574DB009CE6FF /* SKTEffects.swift in Sources */ = {isa = PBXBuildFile; fileRef = 91BDF6C21D3574DB009CE6FF /* SKTEffects.swift */; };
		91BDF6CF1D3574DB009CE6FF /* SKTTimingFunctions.swift in Sources */ = {isa = PBXBuildFile; fileRef = 91BDF6C31D3574DB009CE6FF /* SKTTimingFunctions.swift */; };
		91BDF6D01D3574DB009CE6FF /* Vector3.swift in Sources */ = {isa = PBXBuildFile; fileRef = 91BDF6C41D3574DB009CE6FF /* Vector3.swift */; };
		91BDF6D21D358210009CE6FF /* Hero.swift in Sources */ = {isa = PBXBuildFile; fileRef = 91BDF6D11D358210009CE6FF /* Hero.swift */; };
		91BDF6D41D358229009CE6FF /* Hero.sks in Resources */ = {isa = PBXBuildFile; fileRef = 91BDF6D31D358229009CE6FF /* Hero.sks */; };
		91BDF6D61D358283009CE6FF /* bunny1@2x.png in Resources */ = {isa = PBXBuildFile; fileRef = 91BDF6D51D358283009CE6FF /* bunny1@2x.png */; };
		91BDF6D91D35878B009CE6FF /* MSButtonNode.swift in Sources */ = {isa = PBXBuildFile; fileRef = 91BDF6D71D35878B009CE6FF /* MSButtonNode.swift */; };
		91BDF6DA1D35878B009CE6FF /* MSReferenceNode.swift in Sources */ = {isa = PBXBuildFile; fileRef = 91BDF6D81D35878B009CE6FF /* MSReferenceNode.swift */; };
		91D08B761D35B3930092D664 /* Enemy.swift in Sources */ = {isa = PBXBuildFile; fileRef = 91D08B751D35B3930092D664 /* Enemy.swift */; };
/* End PBXBuildFile section */

/* Begin PBXFileReference section */
		9153D10B1D3D844900E98242 /* redfish.png */ = {isa = PBXFileReference; lastKnownFileType = image.png; name = redfish.png; path = HungryHopper/Assets.xcassets/RedFish.imageset/redfish.png; sourceTree = "<group>"; };
		9153D10D1D3D9C3E00E98242 /* 1.png */ = {isa = PBXFileReference; lastKnownFileType = image.png; path = 1.png; sourceTree = "<group>"; };
		9153D10F1D3EED3800E98242 /* 2.png */ = {isa = PBXFileReference; lastKnownFileType = image.png; path = 2.png; sourceTree = "<group>"; };
		9153D1101D3EED3800E98242 /* 3.png */ = {isa = PBXFileReference; lastKnownFileType = image.png; path = 3.png; sourceTree = "<group>"; };
		9153D1111D3EED3800E98242 /* 4.png */ = {isa = PBXFileReference; lastKnownFileType = image.png; path = 4.png; sourceTree = "<group>"; };
		9153D1121D3EED3800E98242 /* 5.png */ = {isa = PBXFileReference; lastKnownFileType = image.png; path = 5.png; sourceTree = "<group>"; };
		9153D1131D3EED3800E98242 /* 6.png */ = {isa = PBXFileReference; lastKnownFileType = image.png; path = 6.png; sourceTree = "<group>"; };
		9153D1141D3EED3800E98242 /* 7.png */ = {isa = PBXFileReference; lastKnownFileType = image.png; path = 7.png; sourceTree = "<group>"; };
		9153D1151D3EED3800E98242 /* 8.png */ = {isa = PBXFileReference; lastKnownFileType = image.png; path = 8.png; sourceTree = "<group>"; };
		9153D1161D3EED3800E98242 /* 9.png */ = {isa = PBXFileReference; lastKnownFileType = image.png; path = 9.png; sourceTree = "<group>"; };
		9153D1171D3EED3800E98242 /* 10.png */ = {isa = PBXFileReference; lastKnownFileType = image.png; path = 10.png; sourceTree = "<group>"; };
		9153D1181D3EED3800E98242 /* 11.png */ = {isa = PBXFileReference; lastKnownFileType = image.png; path = 11.png; sourceTree = "<group>"; };
		9153D1191D3EED3800E98242 /* 12.png */ = {isa = PBXFileReference; lastKnownFileType = image.png; path = 12.png; sourceTree = "<group>"; };
		9153D11A1D3EED3800E98242 /* 13.png */ = {isa = PBXFileReference; lastKnownFileType = image.png; path = 13.png; sourceTree = "<group>"; };
		9153D11B1D3EED3800E98242 /* 14.png */ = {isa = PBXFileReference; lastKnownFileType = image.png; path = 14.png; sourceTree = "<group>"; };
		9153D11C1D3EED3800E98242 /* 15.png */ = {isa = PBXFileReference; lastKnownFileType = image.png; path = 15.png; sourceTree = "<group>"; };
		9153D11D1D3EED3800E98242 /* 16.png */ = {isa = PBXFileReference; lastKnownFileType = image.png; path = 16.png; sourceTree = "<group>"; };
		9153D11E1D3EED3800E98242 /* 17.png */ = {isa = PBXFileReference; lastKnownFileType = image.png; path = 17.png; sourceTree = "<group>"; };
		9153D11F1D3EED3800E98242 /* 18.png */ = {isa = PBXFileReference; lastKnownFileType = image.png; path = 18.png; sourceTree = "<group>"; };
		9153D1201D3EED3800E98242 /* 19.png */ = {isa = PBXFileReference; lastKnownFileType = image.png; path = 19.png; sourceTree = "<group>"; };
		9153D1211D3EED3800E98242 /* 20.png */ = {isa = PBXFileReference; lastKnownFileType = image.png; path = 20.png; sourceTree = "<group>"; };
		9153D1221D3EED3800E98242 /* 21.png */ = {isa = PBXFileReference; lastKnownFileType = image.png; path = 21.png; sourceTree = "<group>"; };
		9153D1231D3EED3800E98242 /* 22.png */ = {isa = PBXFileReference; lastKnownFileType = image.png; path = 22.png; sourceTree = "<group>"; };
		9153D1241D3EED3800E98242 /* 23.png */ = {isa = PBXFileReference; lastKnownFileType = image.png; path = 23.png; sourceTree = "<group>"; };
		91BDF6991D306DF5009CE6FF /* HungryHopper.app */ = {isa = PBXFileReference; explicitFileType = wrapper.application; includeInIndex = 0; path = HungryHopper.app; sourceTree = BUILT_PRODUCTS_DIR; };
		91BDF69C1D306DF5009CE6FF /* AppDelegate.swift */ = {isa = PBXFileReference; lastKnownFileType = sourcecode.swift; path = AppDelegate.swift; sourceTree = "<group>"; };
		91BDF69E1D306DF5009CE6FF /* GameScene.sks */ = {isa = PBXFileReference; lastKnownFileType = file.sks; path = GameScene.sks; sourceTree = "<group>"; };
		91BDF6A01D306DF5009CE6FF /* GameScene.swift */ = {isa = PBXFileReference; lastKnownFileType = sourcecode.swift; path = GameScene.swift; sourceTree = "<group>"; };
		91BDF6A21D306DF5009CE6FF /* GameViewController.swift */ = {isa = PBXFileReference; lastKnownFileType = sourcecode.swift; path = GameViewController.swift; sourceTree = "<group>"; };
		91BDF6A51D306DF5009CE6FF /* Base */ = {isa = PBXFileReference; lastKnownFileType = file.storyboard; name = Base; path = Base.lproj/Main.storyboard; sourceTree = "<group>"; };
		91BDF6A71D306DF5009CE6FF /* Assets.xcassets */ = {isa = PBXFileReference; lastKnownFileType = folder.assetcatalog; path = Assets.xcassets; sourceTree = "<group>"; };
		91BDF6AA1D306DF5009CE6FF /* Base */ = {isa = PBXFileReference; lastKnownFileType = file.storyboard; name = Base; path = Base.lproj/LaunchScreen.storyboard; sourceTree = "<group>"; };
		91BDF6AC1D306DF5009CE6FF /* Info.plist */ = {isa = PBXFileReference; lastKnownFileType = text.plist.xml; path = Info.plist; sourceTree = "<group>"; };
		91BDF6B21D342250009CE6FF /* EnemyReferenceNode.swift */ = {isa = PBXFileReference; fileEncoding = 4; lastKnownFileType = sourcecode.swift; name = EnemyReferenceNode.swift; path = ../EnemyReferenceNode.swift; sourceTree = "<group>"; };
		91BDF6B41D34247E009CE6FF /* Enemy.sks */ = {isa = PBXFileReference; lastKnownFileType = file.sks; name = Enemy.sks; path = ../Enemy.sks; sourceTree = "<group>"; };
		91BDF6B61D342510009CE6FF /* flyingpenguin@2x.png */ = {isa = PBXFileReference; lastKnownFileType = image.png; name = "flyingpenguin@2x.png"; path = "HungryHopper/Assets.xcassets/flyingpenguin@2x.png"; sourceTree = "<group>"; };
		91BDF6B91D3574DB009CE6FF /* CGFloat+Extensions.swift */ = {isa = PBXFileReference; fileEncoding = 4; lastKnownFileType = sourcecode.swift; path = "CGFloat+Extensions.swift"; sourceTree = "<group>"; };
		91BDF6BA1D3574DB009CE6FF /* CGPoint+Extensions.swift */ = {isa = PBXFileReference; fileEncoding = 4; lastKnownFileType = sourcecode.swift; path = "CGPoint+Extensions.swift"; sourceTree = "<group>"; };
		91BDF6BB1D3574DB009CE6FF /* CGVector+Extensions.swift */ = {isa = PBXFileReference; fileEncoding = 4; lastKnownFileType = sourcecode.swift; path = "CGVector+Extensions.swift"; sourceTree = "<group>"; };
		91BDF6BC1D3574DB009CE6FF /* Int+Extensions.swift */ = {isa = PBXFileReference; fileEncoding = 4; lastKnownFileType = sourcecode.swift; path = "Int+Extensions.swift"; sourceTree = "<group>"; };
		91BDF6BD1D3574DB009CE6FF /* SKAction+Extensions.swift */ = {isa = PBXFileReference; fileEncoding = 4; lastKnownFileType = sourcecode.swift; path = "SKAction+Extensions.swift"; sourceTree = "<group>"; };
		91BDF6BE1D3574DB009CE6FF /* SKAction+SpecialEffects.swift */ = {isa = PBXFileReference; fileEncoding = 4; lastKnownFileType = sourcecode.swift; path = "SKAction+SpecialEffects.swift"; sourceTree = "<group>"; };
		91BDF6BF1D3574DB009CE6FF /* SKColor+Extensions.swift */ = {isa = PBXFileReference; fileEncoding = 4; lastKnownFileType = sourcecode.swift; path = "SKColor+Extensions.swift"; sourceTree = "<group>"; };
		91BDF6C01D3574DB009CE6FF /* SKNode+Extensions.swift */ = {isa = PBXFileReference; fileEncoding = 4; lastKnownFileType = sourcecode.swift; path = "SKNode+Extensions.swift"; sourceTree = "<group>"; };
		91BDF6C11D3574DB009CE6FF /* SKTAudio.swift */ = {isa = PBXFileReference; fileEncoding = 4; lastKnownFileType = sourcecode.swift; path = SKTAudio.swift; sourceTree = "<group>"; };
		91BDF6C21D3574DB009CE6FF /* SKTEffects.swift */ = {isa = PBXFileReference; fileEncoding = 4; lastKnownFileType = sourcecode.swift; path = SKTEffects.swift; sourceTree = "<group>"; };
		91BDF6C31D3574DB009CE6FF /* SKTTimingFunctions.swift */ = {isa = PBXFileReference; fileEncoding = 4; lastKnownFileType = sourcecode.swift; path = SKTTimingFunctions.swift; sourceTree = "<group>"; };
		91BDF6C41D3574DB009CE6FF /* Vector3.swift */ = {isa = PBXFileReference; fileEncoding = 4; lastKnownFileType = sourcecode.swift; path = Vector3.swift; sourceTree = "<group>"; };
		91BDF6D11D358210009CE6FF /* Hero.swift */ = {isa = PBXFileReference; fileEncoding = 4; lastKnownFileType = sourcecode.swift; name = Hero.swift; path = ../Hero.swift; sourceTree = "<group>"; };
		91BDF6D31D358229009CE6FF /* Hero.sks */ = {isa = PBXFileReference; lastKnownFileType = file.sks; name = Hero.sks; path = ../Hero.sks; sourceTree = "<group>"; };
		91BDF6D51D358283009CE6FF /* bunny1@2x.png */ = {isa = PBXFileReference; lastKnownFileType = image.png; name = "bunny1@2x.png"; path = "HungryHopper/Assets.xcassets/bunny1@2x.png"; sourceTree = "<group>"; };
		91BDF6D71D35878B009CE6FF /* MSButtonNode.swift */ = {isa = PBXFileReference; fileEncoding = 4; lastKnownFileType = sourcecode.swift; name = MSButtonNode.swift; path = HungryHopper/MSButtonNode.swift; sourceTree = "<group>"; };
		91BDF6D81D35878B009CE6FF /* MSReferenceNode.swift */ = {isa = PBXFileReference; fileEncoding = 4; lastKnownFileType = sourcecode.swift; name = MSReferenceNode.swift; path = HungryHopper/MSReferenceNode.swift; sourceTree = "<group>"; };
		91D08B751D35B3930092D664 /* Enemy.swift */ = {isa = PBXFileReference; fileEncoding = 4; lastKnownFileType = sourcecode.swift; name = Enemy.swift; path = ../Enemy.swift; sourceTree = "<group>"; };
/* End PBXFileReference section */

/* Begin PBXFrameworksBuildPhase section */
		91BDF6961D306DF5009CE6FF /* Frameworks */ = {
			isa = PBXFrameworksBuildPhase;
			buildActionMask = 2147483647;
			files = (
			);
			runOnlyForDeploymentPostprocessing = 0;
		};
/* End PBXFrameworksBuildPhase section */

/* Begin PBXGroup section */
		91BDF6901D306DF5009CE6FF = {
			isa = PBXGroup;
			children = (
				91BDF69B1D306DF5009CE6FF /* HungryHopper */,
				91BDF6D71D35878B009CE6FF /* MSButtonNode.swift */,
				91BDF6D81D35878B009CE6FF /* MSReferenceNode.swift */,
				91D08B771D36C01E0092D664 /* images */,
				91BDF69A1D306DF5009CE6FF /* Products */,
				91BDF6B81D3574DB009CE6FF /* SKTUtils */,
			);
			sourceTree = "<group>";
		};
		91BDF69A1D306DF5009CE6FF /* Products */ = {
			isa = PBXGroup;
			children = (
				91BDF6991D306DF5009CE6FF /* HungryHopper.app */,
			);
			name = Products;
			sourceTree = "<group>";
		};
		91BDF69B1D306DF5009CE6FF /* HungryHopper */ = {
			isa = PBXGroup;
			children = (
				91BDF6B41D34247E009CE6FF /* Enemy.sks */,
				91D08B751D35B3930092D664 /* Enemy.swift */,
				91BDF6B21D342250009CE6FF /* EnemyReferenceNode.swift */,
				91BDF6D31D358229009CE6FF /* Hero.sks */,
				91BDF6D11D358210009CE6FF /* Hero.swift */,
				91BDF69C1D306DF5009CE6FF /* AppDelegate.swift */,
				91BDF69E1D306DF5009CE6FF /* GameScene.sks */,
				91BDF6A01D306DF5009CE6FF /* GameScene.swift */,
				91BDF6A41D306DF5009CE6FF /* Main.storyboard */,
				91BDF6A71D306DF5009CE6FF /* Assets.xcassets */,
				91BDF6A91D306DF5009CE6FF /* LaunchScreen.storyboard */,
				91BDF6AC1D306DF5009CE6FF /* Info.plist */,
				91BDF6A21D306DF5009CE6FF /* GameViewController.swift */,
			);
			path = HungryHopper;
			sourceTree = "<group>";
		};
		91BDF6B81D3574DB009CE6FF /* SKTUtils */ = {
			isa = PBXGroup;
			children = (
				91BDF6B91D3574DB009CE6FF /* CGFloat+Extensions.swift */,
				91BDF6BA1D3574DB009CE6FF /* CGPoint+Extensions.swift */,
				91BDF6BB1D3574DB009CE6FF /* CGVector+Extensions.swift */,
				91BDF6BC1D3574DB009CE6FF /* Int+Extensions.swift */,
				91BDF6BD1D3574DB009CE6FF /* SKAction+Extensions.swift */,
				91BDF6BE1D3574DB009CE6FF /* SKAction+SpecialEffects.swift */,
				91BDF6BF1D3574DB009CE6FF /* SKColor+Extensions.swift */,
				91BDF6C01D3574DB009CE6FF /* SKNode+Extensions.swift */,
				91BDF6C11D3574DB009CE6FF /* SKTAudio.swift */,
				91BDF6C21D3574DB009CE6FF /* SKTEffects.swift */,
				91BDF6C31D3574DB009CE6FF /* SKTTimingFunctions.swift */,
				91BDF6C41D3574DB009CE6FF /* Vector3.swift */,
			);
			name = SKTUtils;
			path = HungryHopper/SKTUtils;
			sourceTree = "<group>";
		};
		91D08B771D36C01E0092D664 /* images */ = {
			isa = PBXGroup;
			children = (
				9153D10D1D3D9C3E00E98242 /* 1.png */,
				9153D10F1D3EED3800E98242 /* 2.png */,
				9153D1101D3EED3800E98242 /* 3.png */,
				9153D1111D3EED3800E98242 /* 4.png */,
				9153D1121D3EED3800E98242 /* 5.png */,
				9153D1131D3EED3800E98242 /* 6.png */,
				9153D1141D3EED3800E98242 /* 7.png */,
				9153D1151D3EED3800E98242 /* 8.png */,
				9153D1161D3EED3800E98242 /* 9.png */,
				9153D1171D3EED3800E98242 /* 10.png */,
				9153D1181D3EED3800E98242 /* 11.png */,
				9153D1191D3EED3800E98242 /* 12.png */,
				9153D11A1D3EED3800E98242 /* 13.png */,
				9153D11B1D3EED3800E98242 /* 14.png */,
				9153D11C1D3EED3800E98242 /* 15.png */,
				9153D11D1D3EED3800E98242 /* 16.png */,
				9153D11E1D3EED3800E98242 /* 17.png */,
				9153D11F1D3EED3800E98242 /* 18.png */,
				9153D1201D3EED3800E98242 /* 19.png */,
				9153D1211D3EED3800E98242 /* 20.png */,
				9153D1221D3EED3800E98242 /* 21.png */,
				9153D1231D3EED3800E98242 /* 22.png */,
				9153D1241D3EED3800E98242 /* 23.png */,
				91BDF6B61D342510009CE6FF /* flyingpenguin@2x.png */,
				91BDF6D51D358283009CE6FF /* bunny1@2x.png */,
				9153D10B1D3D844900E98242 /* redfish.png */,
			);
			name = images;
			sourceTree = "<group>";
		};
/* End PBXGroup section */

/* Begin PBXNativeTarget section */
		91BDF6981D306DF5009CE6FF /* HungryHopper */ = {
			isa = PBXNativeTarget;
			buildConfigurationList = 91BDF6AF1D306DF5009CE6FF /* Build configuration list for PBXNativeTarget "HungryHopper" */;
			buildPhases = (
				91BDF6951D306DF5009CE6FF /* Sources */,
				91BDF6961D306DF5009CE6FF /* Frameworks */,
				91BDF6971D306DF5009CE6FF /* Resources */,
			);
			buildRules = (
			);
			dependencies = (
			);
			name = HungryHopper;
			productName = HungryHopper;
			productReference = 91BDF6991D306DF5009CE6FF /* HungryHopper.app */;
			productType = "com.apple.product-type.application";
		};
/* End PBXNativeTarget section */

/* Begin PBXProject section */
		91BDF6911D306DF5009CE6FF /* Project object */ = {
			isa = PBXProject;
			attributes = {
				LastSwiftUpdateCheck = 0730;
				LastUpgradeCheck = 0730;
				ORGANIZATIONNAME = "Ross Jusrin";
				TargetAttributes = {
					91BDF6981D306DF5009CE6FF = {
						CreatedOnToolsVersion = 7.3.1;
					};
				};
			};
			buildConfigurationList = 91BDF6941D306DF5009CE6FF /* Build configuration list for PBXProject "HungryHopper" */;
			compatibilityVersion = "Xcode 3.2";
			developmentRegion = English;
			hasScannedForEncodings = 0;
			knownRegions = (
				en,
				Base,
			);
			mainGroup = 91BDF6901D306DF5009CE6FF;
			productRefGroup = 91BDF69A1D306DF5009CE6FF /* Products */;
			projectDirPath = "";
			projectRoot = "";
			targets = (
				91BDF6981D306DF5009CE6FF /* HungryHopper */,
			);
		};
/* End PBXProject section */

/* Begin PBXResourcesBuildPhase section */
		91BDF6971D306DF5009CE6FF /* Resources */ = {
			isa = PBXResourcesBuildPhase;
			buildActionMask = 2147483647;
			files = (
				9153D1251D3EED3800E98242 /* 2.png in Resources */,
				91BDF69F1D306DF5009CE6FF /* GameScene.sks in Resources */,
				91BDF6AB1D306DF5009CE6FF /* LaunchScreen.storyboard in Resources */,
				9153D12C1D3EED3800E98242 /* 9.png in Resources */,
				9153D1271D3EED3800E98242 /* 4.png in Resources */,
				9153D1301D3EED3800E98242 /* 13.png in Resources */,
				9153D1391D3EED3800E98242 /* 22.png in Resources */,
				9153D1261D3EED3800E98242 /* 3.png in Resources */,
				91BDF6A81D306DF5009CE6FF /* Assets.xcassets in Resources */,
				91BDF6D41D358229009CE6FF /* Hero.sks in Resources */,
				91BDF6B51D34247E009CE6FF /* Enemy.sks in Resources */,
				9153D12F1D3EED3800E98242 /* 12.png in Resources */,
				9153D12B1D3EED3800E98242 /* 8.png in Resources */,
				9153D1371D3EED3800E98242 /* 20.png in Resources */,
				9153D10C1D3D844900E98242 /* redfish.png in Resources */,
				9153D1341D3EED3800E98242 /* 17.png in Resources */,
				9153D1291D3EED3800E98242 /* 6.png in Resources */,
				91BDF6B71D342510009CE6FF /* flyingpenguin@2x.png in Resources */,
				9153D1331D3EED3800E98242 /* 16.png in Resources */,
				9153D1321D3EED3800E98242 /* 15.png in Resources */,
				91BDF6A61D306DF5009CE6FF /* Main.storyboard in Resources */,
				9153D1381D3EED3800E98242 /* 21.png in Resources */,
				9153D1281D3EED3800E98242 /* 5.png in Resources */,
				9153D12E1D3EED3800E98242 /* 11.png in Resources */,
				9153D1311D3EED3800E98242 /* 14.png in Resources */,
				91BDF6D61D358283009CE6FF /* bunny1@2x.png in Resources */,
				9153D1361D3EED3800E98242 /* 19.png in Resources */,
				9153D10E1D3D9C3E00E98242 /* 1.png in Resources */,
				9153D1351D3EED3800E98242 /* 18.png in Resources */,
				9153D12D1D3EED3800E98242 /* 10.png in Resources */,
				9153D13A1D3EED3800E98242 /* 23.png in Resources */,
				9153D12A1D3EED3800E98242 /* 7.png in Resources */,
			);
			runOnlyForDeploymentPostprocessing = 0;
		};
/* End PBXResourcesBuildPhase section */

/* Begin PBXSourcesBuildPhase section */
		91BDF6951D306DF5009CE6FF /* Sources */ = {
			isa = PBXSourcesBuildPhase;
			buildActionMask = 2147483647;
			files = (
				91BDF6D21D358210009CE6FF /* Hero.swift in Sources */,
				91BDF6CB1D3574DB009CE6FF /* SKColor+Extensions.swift in Sources */,
				91BDF6CF1D3574DB009CE6FF /* SKTTimingFunctions.swift in Sources */,
				91BDF6D91D35878B009CE6FF /* MSButtonNode.swift in Sources */,
				91BDF6C91D3574DB009CE6FF /* SKAction+Extensions.swift in Sources */,
				91BDF6B31D342250009CE6FF /* EnemyReferenceNode.swift in Sources */,
				91BDF6C71D3574DB009CE6FF /* CGVector+Extensions.swift in Sources */,
				91BDF6CD1D3574DB009CE6FF /* SKTAudio.swift in Sources */,
				91BDF6C51D3574DB009CE6FF /* CGFloat+Extensions.swift in Sources */,
				91BDF6CC1D3574DB009CE6FF /* SKNode+Extensions.swift in Sources */,
				91BDF6CE1D3574DB009CE6FF /* SKTEffects.swift in Sources */,
				91BDF6A11D306DF5009CE6FF /* GameScene.swift in Sources */,
				91BDF6A31D306DF5009CE6FF /* GameViewController.swift in Sources */,
				91BDF6C81D3574DB009CE6FF /* Int+Extensions.swift in Sources */,
				91BDF6C61D3574DB009CE6FF /* CGPoint+Extensions.swift in Sources */,
				91BDF6CA1D3574DB009CE6FF /* SKAction+SpecialEffects.swift in Sources */,
				91D08B761D35B3930092D664 /* Enemy.swift in Sources */,
				91BDF6D01D3574DB009CE6FF /* Vector3.swift in Sources */,
				91BDF6DA1D35878B009CE6FF /* MSReferenceNode.swift in Sources */,
				91BDF69D1D306DF5009CE6FF /* AppDelegate.swift in Sources */,
			);
			runOnlyForDeploymentPostprocessing = 0;
		};
/* End PBXSourcesBuildPhase section */

/* Begin PBXVariantGroup section */
		91BDF6A41D306DF5009CE6FF /* Main.storyboard */ = {
			isa = PBXVariantGroup;
			children = (
				91BDF6A51D306DF5009CE6FF /* Base */,
			);
			name = Main.storyboard;
			sourceTree = "<group>";
		};
		91BDF6A91D306DF5009CE6FF /* LaunchScreen.storyboard */ = {
			isa = PBXVariantGroup;
			children = (
				91BDF6AA1D306DF5009CE6FF /* Base */,
			);
			name = LaunchScreen.storyboard;
			sourceTree = "<group>";
		};
/* End PBXVariantGroup section */

/* Begin XCBuildConfiguration section */
		91BDF6AD1D306DF5009CE6FF /* Debug */ = {
			isa = XCBuildConfiguration;
			buildSettings = {
				ALWAYS_SEARCH_USER_PATHS = NO;
				CLANG_ANALYZER_NONNULL = YES;
				CLANG_CXX_LANGUAGE_STANDARD = "gnu++0x";
				CLANG_CXX_LIBRARY = "libc++";
				CLANG_ENABLE_MODULES = YES;
				CLANG_ENABLE_OBJC_ARC = YES;
				CLANG_WARN_BOOL_CONVERSION = YES;
				CLANG_WARN_CONSTANT_CONVERSION = YES;
				CLANG_WARN_DIRECT_OBJC_ISA_USAGE = YES_ERROR;
				CLANG_WARN_EMPTY_BODY = YES;
				CLANG_WARN_ENUM_CONVERSION = YES;
				CLANG_WARN_INT_CONVERSION = YES;
				CLANG_WARN_OBJC_ROOT_CLASS = YES_ERROR;
				CLANG_WARN_UNREACHABLE_CODE = YES;
				CLANG_WARN__DUPLICATE_METHOD_MATCH = YES;
				"CODE_SIGN_IDENTITY[sdk=iphoneos*]" = "iPhone Developer";
				COPY_PHASE_STRIP = NO;
				DEBUG_INFORMATION_FORMAT = "dwarf-with-dsym";
				ENABLE_STRICT_OBJC_MSGSEND = YES;
				ENABLE_TESTABILITY = YES;
				GCC_C_LANGUAGE_STANDARD = gnu99;
				GCC_DYNAMIC_NO_PIC = NO;
				GCC_NO_COMMON_BLOCKS = YES;
				GCC_OPTIMIZATION_LEVEL = 0;
				GCC_PREPROCESSOR_DEFINITIONS = (
					"DEBUG=1",
					"$(inherited)",
				);
				GCC_WARN_64_TO_32_BIT_CONVERSION = YES;
				GCC_WARN_ABOUT_RETURN_TYPE = YES_ERROR;
				GCC_WARN_UNDECLARED_SELECTOR = YES;
				GCC_WARN_UNINITIALIZED_AUTOS = YES_AGGRESSIVE;
				GCC_WARN_UNUSED_FUNCTION = YES;
				GCC_WARN_UNUSED_VARIABLE = YES;
				IPHONEOS_DEPLOYMENT_TARGET = 9.3;
				MTL_ENABLE_DEBUG_INFO = YES;
				ONLY_ACTIVE_ARCH = YES;
				SDKROOT = iphoneos;
				SWIFT_OPTIMIZATION_LEVEL = "-Onone";
				TARGETED_DEVICE_FAMILY = "1,2";
			};
			name = Debug;
		};
		91BDF6AE1D306DF5009CE6FF /* Release */ = {
			isa = XCBuildConfiguration;
			buildSettings = {
				ALWAYS_SEARCH_USER_PATHS = NO;
				CLANG_ANALYZER_NONNULL = YES;
				CLANG_CXX_LANGUAGE_STANDARD = "gnu++0x";
				CLANG_CXX_LIBRARY = "libc++";
				CLANG_ENABLE_MODULES = YES;
				CLANG_ENABLE_OBJC_ARC = YES;
				CLANG_WARN_BOOL_CONVERSION = YES;
				CLANG_WARN_CONSTANT_CONVERSION = YES;
				CLANG_WARN_DIRECT_OBJC_ISA_USAGE = YES_ERROR;
				CLANG_WARN_EMPTY_BODY = YES;
				CLANG_WARN_ENUM_CONVERSION = YES;
				CLANG_WARN_INT_CONVERSION = YES;
				CLANG_WARN_OBJC_ROOT_CLASS = YES_ERROR;
				CLANG_WARN_UNREACHABLE_CODE = YES;
				CLANG_WARN__DUPLICATE_METHOD_MATCH = YES;
				"CODE_SIGN_IDENTITY[sdk=iphoneos*]" = "iPhone Developer";
				COPY_PHASE_STRIP = NO;
				DEBUG_INFORMATION_FORMAT = "dwarf-with-dsym";
				ENABLE_NS_ASSERTIONS = NO;
				ENABLE_STRICT_OBJC_MSGSEND = YES;
				GCC_C_LANGUAGE_STANDARD = gnu99;
				GCC_NO_COMMON_BLOCKS = YES;
				GCC_WARN_64_TO_32_BIT_CONVERSION = YES;
				GCC_WARN_ABOUT_RETURN_TYPE = YES_ERROR;
				GCC_WARN_UNDECLARED_SELECTOR = YES;
				GCC_WARN_UNINITIALIZED_AUTOS = YES_AGGRESSIVE;
				GCC_WARN_UNUSED_FUNCTION = YES;
				GCC_WARN_UNUSED_VARIABLE = YES;
				IPHONEOS_DEPLOYMENT_TARGET = 9.3;
				MTL_ENABLE_DEBUG_INFO = NO;
				SDKROOT = iphoneos;
				TARGETED_DEVICE_FAMILY = "1,2";
				VALIDATE_PRODUCT = YES;
			};
			name = Release;
		};
		91BDF6B01D306DF5009CE6FF /* Debug */ = {
			isa = XCBuildConfiguration;
			buildSettings = {
				ASSETCATALOG_COMPILER_APPICON_NAME = AppIcon;
				INFOPLIST_FILE = HungryHopper/Info.plist;
				LD_RUNPATH_SEARCH_PATHS = "$(inherited) @executable_path/Frameworks";
				PRODUCT_BUNDLE_IDENTIFIER = com.makeschool.HungryHopper;
				PRODUCT_NAME = "$(TARGET_NAME)";
			};
			name = Debug;
		};
		91BDF6B11D306DF5009CE6FF /* Release */ = {
			isa = XCBuildConfiguration;
			buildSettings = {
				ASSETCATALOG_COMPILER_APPICON_NAME = AppIcon;
				INFOPLIST_FILE = HungryHopper/Info.plist;
				LD_RUNPATH_SEARCH_PATHS = "$(inherited) @executable_path/Frameworks";
				PRODUCT_BUNDLE_IDENTIFIER = com.makeschool.HungryHopper;
				PRODUCT_NAME = "$(TARGET_NAME)";
			};
			name = Release;
		};
/* End XCBuildConfiguration section */

/* Begin XCConfigurationList section */
		91BDF6941D306DF5009CE6FF /* Build configuration list for PBXProject "HungryHopper" */ = {
			isa = XCConfigurationList;
			buildConfigurations = (
				91BDF6AD1D306DF5009CE6FF /* Debug */,
				91BDF6AE1D306DF5009CE6FF /* Release */,
			);
			defaultConfigurationIsVisible = 0;
			defaultConfigurationName = Release;
		};
		91BDF6AF1D306DF5009CE6FF /* Build configuration list for PBXNativeTarget "HungryHopper" */ = {
			isa = XCConfigurationList;
			buildConfigurations = (
				91BDF6B01D306DF5009CE6FF /* Debug */,
				91BDF6B11D306DF5009CE6FF /* Release */,
			);
			defaultConfigurationIsVisible = 0;
			defaultConfigurationName = Release;
		};
/* End XCConfigurationList section */
	};
	rootObject = 91BDF6911D306DF5009CE6FF /* Project object */;
}
